
Microsoft Visual Studio Solution File, Format Version 12.00
# Visual Studio Version 17
VisualStudioVersion = 17.5.33103.201
MinimumVisualStudioVersion = 10.0.40219.1
Project("{9A19103F-16F7-4668-BE54-9A1E7A4F7556}") = "CachingWebApi", "CachingWebApi.csproj", "{F8B1C65C-3235-4EF7-AE3A-6D01C7F99D89}"
EndProject
Global
	GlobalSection(SolutionConfigurationPlatforms) = preSolution
		Debug|Any CPU = Debug|Any CPU
		Release|Any CPU = Release|Any CPU
	EndGlobalSection
	GlobalSection(ProjectConfigurationPlatforms) = postSolution
		{F8B1C65C-3235-4EF7-AE3A-6D01C7F99D89}.Debug|Any CPU.ActiveCfg = Debug|Any CPU
		{F8B1C65C-3235-4EF7-AE3A-6D01C7F99D89}.Debug|Any CPU.Build.0 = Debug|Any CPU
		{F8B1C65C-3235-4EF7-AE3A-6D01C7F99D89}.Release|Any CPU.ActiveCfg = Release|Any CPU
		{F8B1C65C-3235-4EF7-AE3A-6D01C7F99D89}.Release|Any CPU.Build.0 = Release|Any CPU
	EndGlobalSection
	GlobalSection(SolutionProperties) = preSolution
		HideSolutionNode = FALSE
	EndGlobalSection
	GlobalSection(ExtensibilityGlobals) = postSolution
		SolutionGuid = {BCE25D16-6868-4F52-A2CD-C6FBF86C0D92}
	EndGlobalSection
EndGlobal
